PODS:
  - AMPopTip (1.4.1)
  - TWMessageBarManager (1.8.1)

DEPENDENCIES:
  - AMPopTip
  - TWMessageBarManager

SPEC CHECKSUMS:
  AMPopTip: 65ce21ac23607020e6b5b4e261b8b76df7190987
  TWMessageBarManager: fd84e7948ba7968a2b5d9454859135761214ec56

PODFILE CHECKSUM: e07cfa9c356af212f66d743d4859d3c3c36b42a3

COCOAPODS: 1.1.1
