PODS:
  - AMPopTip (1.4.1)
  - CBZSplashView (1.0.0)
  - TWMessageBarManager (1.8.1)

DEPENDENCIES:
  - AMPopTip
  - CBZSplashView (~> 1.0.0)
  - TWMessageBarManager

SPEC CHECKSUMS:
  AMPopTip: 65ce21ac23607020e6b5b4e261b8b76df7190987
  CBZSplashView: 9ce4cba22024476ff4a97d6433e7347da6376016
  TWMessageBarManager: fd84e7948ba7968a2b5d9454859135761214ec56

PODFILE CHECKSUM: d3eb174f5f0e8b4b5aeecaf515f965159fe79b4c

COCOAPODS: 1.1.1
